
Microsoft Visual Studio Solution File, Format Version 11.00
# Visual Studio 2010
Project("{FAE04EC0-301F-11D3-BF4B-00C04F79EFBC}") = "TextureAtlasPipeline", "TextureAtlasPipeline\TextureAtlasPipeline.csproj", "{2DFF2EE2-2C4B-44B5-90CA-D08D280FBB6D}"
EndProject
Project("{FAE04EC0-301F-11D3-BF4B-00C04F79EFBC}") = "PacmanContent", "PacmanContent\PacmanContent.contentproj", "{5ABAD209-C546-4B21-BAB0-EEFB847E7F0E}"
EndProject
Project("{FAE04EC0-301F-11D3-BF4B-00C04F79EFBC}") = "Pacman", "Pacman\Pacman.csproj", "{9F12E9B4-A0EF-463C-8C7B-1D96E6CEFA8F}"
EndProject
Project("{FAE04EC0-301F-11D3-BF4B-00C04F79EFBC}") = "CSVPipeline", "CSVPipeline\CSVPipeline.csproj", "{F374328D-3118-480E-90F1-56270200AD04}"
EndProject
Global
	GlobalSection(SolutionConfigurationPlatforms) = preSolution
		Debug|Any CPU = Debug|Any CPU
		Debug|x86 = Debug|x86
		Release|Any CPU = Release|Any CPU
		Release|x86 = Release|x86
	EndGlobalSection
	GlobalSection(ProjectConfigurationPlatforms) = postSolution
		{2DFF2EE2-2C4B-44B5-90CA-D08D280FBB6D}.Debug|Any CPU.ActiveCfg = Debug|x86
		{2DFF2EE2-2C4B-44B5-90CA-D08D280FBB6D}.Debug|Any CPU.Build.0 = Debug|x86
		{2DFF2EE2-2C4B-44B5-90CA-D08D280FBB6D}.Debug|x86.ActiveCfg = Debug|x86
		{2DFF2EE2-2C4B-44B5-90CA-D08D280FBB6D}.Debug|x86.Build.0 = Debug|x86
		{2DFF2EE2-2C4B-44B5-90CA-D08D280FBB6D}.Release|Any CPU.ActiveCfg = Debug|x86
		{2DFF2EE2-2C4B-44B5-90CA-D08D280FBB6D}.Release|Any CPU.Build.0 = Debug|x86
		{2DFF2EE2-2C4B-44B5-90CA-D08D280FBB6D}.Release|x86.ActiveCfg = Debug|x86
		{2DFF2EE2-2C4B-44B5-90CA-D08D280FBB6D}.Release|x86.Build.0 = Debug|x86
		{5ABAD209-C546-4B21-BAB0-EEFB847E7F0E}.Debug|Any CPU.ActiveCfg = Debug|x86
		{5ABAD209-C546-4B21-BAB0-EEFB847E7F0E}.Debug|x86.ActiveCfg = Debug|x86
		{5ABAD209-C546-4B21-BAB0-EEFB847E7F0E}.Release|Any CPU.ActiveCfg = Release|x86
		{5ABAD209-C546-4B21-BAB0-EEFB847E7F0E}.Release|x86.ActiveCfg = Release|x86
		{9F12E9B4-A0EF-463C-8C7B-1D96E6CEFA8F}.Debug|Any CPU.ActiveCfg = Debug|x86
		{9F12E9B4-A0EF-463C-8C7B-1D96E6CEFA8F}.Debug|Any CPU.Build.0 = Debug|x86
		{9F12E9B4-A0EF-463C-8C7B-1D96E6CEFA8F}.Debug|x86.ActiveCfg = Debug|x86
		{9F12E9B4-A0EF-463C-8C7B-1D96E6CEFA8F}.Debug|x86.Build.0 = Debug|x86
		{9F12E9B4-A0EF-463C-8C7B-1D96E6CEFA8F}.Release|Any CPU.ActiveCfg = Release|x86
		{9F12E9B4-A0EF-463C-8C7B-1D96E6CEFA8F}.Release|x86.ActiveCfg = Release|x86
		{9F12E9B4-A0EF-463C-8C7B-1D96E6CEFA8F}.Release|x86.Build.0 = Release|x86
		{F374328D-3118-480E-90F1-56270200AD04}.Debug|Any CPU.ActiveCfg = Debug|x86
		{F374328D-3118-480E-90F1-56270200AD04}.Debug|Any CPU.Build.0 = Debug|x86
		{F374328D-3118-480E-90F1-56270200AD04}.Debug|x86.ActiveCfg = Debug|x86
		{F374328D-3118-480E-90F1-56270200AD04}.Debug|x86.Build.0 = Debug|x86
		{F374328D-3118-480E-90F1-56270200AD04}.Release|Any CPU.ActiveCfg = Release|x86
		{F374328D-3118-480E-90F1-56270200AD04}.Release|Any CPU.Build.0 = Release|x86
		{F374328D-3118-480E-90F1-56270200AD04}.Release|x86.ActiveCfg = Release|x86
		{F374328D-3118-480E-90F1-56270200AD04}.Release|x86.Build.0 = Release|x86
	EndGlobalSection
	GlobalSection(SolutionProperties) = preSolution
		HideSolutionNode = FALSE
	EndGlobalSection
EndGlobal
